<?xml version="1.0" encoding="UTF-8"?>
<Scheme
   version = "1.3">
   <BuildAction>
      <BuildActionEntries>
         <BuildActionEntry
            buildForRunning = "YES">
            <BuildableReference
               BuildableIdentifier = "primary"
               BlueprintIdentifier = "B58CF17B1A4AF9D700A33835"
               BuildableName = "AccelerateFrameworkTest"
               BlueprintName = "AccelerateFrameworkTest"
               ReferencedContainer = "container:AccelerateFrameworkTest.xcodeproj">
            </BuildableReference>
         </BuildActionEntry>
      </BuildActionEntries>
   </BuildAction>
   <LaunchAction
      useCustomWorkingDirectory = "NO"
      buildConfiguration = "Debug">
      <BuildableProductRunnable>
         <BuildableReference
            BuildableIdentifier = "primary"
            BlueprintIdentifier = "B58CF17B1A4AF9D700A33835"
            BuildableName = "AccelerateFrameworkTest"
            BlueprintName = "AccelerateFrameworkTest"
            ReferencedContainer = "container:AccelerateFrameworkTest.xcodeproj">
         </BuildableReference>
      </BuildableProductRunnable>
      <EnvironmentVariables>
         <EnvironmentVariable
            key = "path"
            value = "/Volumes/MacintoshHD/Users/chipp/Developer/accelerate-playground"
            isEnabled = "YES">
         </EnvironmentVariable>
      </EnvironmentVariables>
   </LaunchAction>
</Scheme>
