// !$*UTF8*$!
{
	archiveVersion = 1;
	classes = {
	};
	objectVersion = 46;
	objects = {

/* Begin PBXBuildFile section */
		B58CF1801A4AF9D700A33835 /* main.m in Sources */ = {isa = PBXBuildFile; fileRef = B58CF17F1A4AF9D700A33835 /* main.m */; };
/* End PBXBuildFile section */

/* Begin PBXCopyFilesBuildPhase section */
		B58CF17A1A4AF9D700A33835 /* CopyFiles */ = {
			isa = PBXCopyFilesBuildPhase;
			buildActionMask = 2147483647;
			dstPath = /usr/share/man/man1/;
			dstSubfolderSpec = 0;
			files = (
			);
			runOnlyForDeploymentPostprocessing = 1;
		};
/* End PBXCopyFilesBuildPhase section */

/* Begin PBXFileReference section */
		B58CF17C1A4AF9D700A33835 /* AccelerateFrameworkTest */ = {isa = PBXFileReference; explicitFileType = "compiled.mach-o.executable"; includeInIndex = 0; path = AccelerateFrameworkTest; sourceTree = BUILT_PRODUCTS_DIR; };
		B58CF17F1A4AF9D700A33835 /* main.m */ = {isa = PBXFileReference; lastKnownFileType = sourcecode.c.objc; path = main.m; sourceTree = "<group>"; };
/* End PBXFileReference section */

/* Begin PBXFrameworksBuildPhase section */
		B58CF1791A4AF9D700A33835 /* Frameworks */ = {
			isa = PBXFrameworksBuildPhase;
			buildActionMask = 2147483647;
			files = (
			);
			runOnlyForDeploymentPostprocessing = 0;
		};
/* End PBXFrameworksBuildPhase section */

/* Begin PBXGroup section */
		B58CF1731A4AF9D700A33835 = {
			isa = PBXGroup;
			children = (
				B58CF17E1A4AF9D700A33835 /* AccelerateFrameworkTest */,
				B58CF17D1A4AF9D700A33835 /* Products */,
			);
			sourceTree = "<group>";
		};
		B58CF17D1A4AF9D700A33835 /* Products */ = {
			isa = PBXGroup;
			children = (
				B58CF17C1A4AF9D700A33835 /* AccelerateFrameworkTest */,
			);
			name = Products;
			sourceTree = "<group>";
		};
		B58CF17E1A4AF9D700A33835 /* AccelerateFrameworkTest */ = {
			isa = PBXGroup;
			children = (
				B58CF17F1A4AF9D700A33835 /* main.m */,
			);
			path = AccelerateFrameworkTest;
			sourceTree = "<group>";
		};
/* End PBXGroup section */

/* Begin PBXNativeTarget section */
		B58CF17B1A4AF9D700A33835 /* AccelerateFrameworkTest */ = {
			isa = PBXNativeTarget;
			buildConfigurationList = B58CF1831A4AF9D700A33835 /* Build configuration list for PBXNativeTarget "AccelerateFrameworkTest" */;
			buildPhases = (
				B58CF1781A4AF9D700A33835 /* Sources */,
				B58CF1791A4AF9D700A33835 /* Frameworks */,
				B58CF17A1A4AF9D700A33835 /* CopyFiles */,
			);
			buildRules = (
			);
			dependencies = (
			);
			name = AccelerateFrameworkTest;
			productName = AccelerateFrameworkTest;
			productReference = B58CF17C1A4AF9D700A33835 /* AccelerateFrameworkTest */;
			productType = "com.apple.product-type.tool";
		};
/* End PBXNativeTarget section */

/* Begin PBXProject section */
		B58CF1741A4AF9D700A33835 /* Project object */ = {
			isa = PBXProject;
			attributes = {
				LastUpgradeCheck = 0610;
				TargetAttributes = {
					B58CF17B1A4AF9D700A33835 = {
						CreatedOnToolsVersion = 6.1.1;
					};
				};
			};
			buildConfigurationList = B58CF1771A4AF9D700A33835 /* Build configuration list for PBXProject "AccelerateFrameworkTest" */;
			compatibilityVersion = "Xcode 3.2";
			developmentRegion = English;
			hasScannedForEncodings = 0;
			knownRegions = (
				en,
			);
			mainGroup = B58CF1731A4AF9D700A33835;
			productRefGroup = B58CF17D1A4AF9D700A33835 /* Products */;
			projectDirPath = "";
			projectRoot = "";
			targets = (
				B58CF17B1A4AF9D700A33835 /* AccelerateFrameworkTest */,
			);
		};
/* End PBXProject section */

/* Begin PBXSourcesBuildPhase section */
		B58CF1781A4AF9D700A33835 /* Sources */ = {
			isa = PBXSourcesBuildPhase;
			buildActionMask = 2147483647;
			files = (
				B58CF1801A4AF9D700A33835 /* main.m in Sources */,
			);
			runOnlyForDeploymentPostprocessing = 0;
		};
/* End PBXSourcesBuildPhase section */

/* Begin XCBuildConfiguration section */
		B58CF1811A4AF9D700A33835 /* Debug */ = {
			isa = XCBuildConfiguration;
			buildSettings = {
				ALWAYS_SEARCH_USER_PATHS = NO;
				CLANG_CXX_LANGUAGE_STANDARD = "gnu++0x";
				CLANG_CXX_LIBRARY = "libc++";
				CLANG_ENABLE_MODULES = YES;
				CLANG_ENABLE_OBJC_ARC = YES;
				CLANG_WARN_BOOL_CONVERSION = YES;
				CLANG_WARN_CONSTANT_CONVERSION = YES;
				CLANG_WARN_DIRECT_OBJC_ISA_USAGE = YES_ERROR;
				CLANG_WARN_EMPTY_BODY = YES;
				CLANG_WARN_ENUM_CONVERSION = YES;
				CLANG_WARN_INT_CONVERSION = YES;
				CLANG_WARN_OBJC_ROOT_CLASS = YES_ERROR;
				CLANG_WARN_UNREACHABLE_CODE = YES;
				CLANG_WARN__DUPLICATE_METHOD_MATCH = YES;
				COPY_PHASE_STRIP = NO;
				ENABLE_STRICT_OBJC_MSGSEND = YES;
				GCC_C_LANGUAGE_STANDARD = gnu99;
				GCC_DYNAMIC_NO_PIC = NO;
				GCC_OPTIMIZATION_LEVEL = 0;
				GCC_PREPROCESSOR_DEFINITIONS = (
					"DEBUG=1",
					"$(inherited)",
				);
				GCC_SYMBOLS_PRIVATE_EXTERN = NO;
				GCC_WARN_64_TO_32_BIT_CONVERSION = YES;
				GCC_WARN_ABOUT_RETURN_TYPE = YES_ERROR;
				GCC_WARN_UNDECLARED_SELECTOR = YES;
				GCC_WARN_UNINITIALIZED_AUTOS = YES_AGGRESSIVE;
				GCC_WARN_UNUSED_FUNCTION = YES;
				GCC_WARN_UNUSED_VARIABLE = YES;
				MACOSX_DEPLOYMENT_TARGET = 10.10;
				MTL_ENABLE_DEBUG_INFO = YES;
				ONLY_ACTIVE_ARCH = YES;
				SDKROOT = macosx;
			};
			name = Debug;
		};
		B58CF1821A4AF9D700A33835 /* Release */ = {
			isa = XCBuildConfiguration;
			buildSettings = {
				ALWAYS_SEARCH_USER_PATHS = NO;
				CLANG_CXX_LANGUAGE_STANDARD = "gnu++0x";
				CLANG_CXX_LIBRARY = "libc++";
				CLANG_ENABLE_MODULES = YES;
				CLANG_ENABLE_OBJC_ARC = YES;
				CLANG_WARN_BOOL_CONVERSION = YES;
				CLANG_WARN_CONSTANT_CONVERSION = YES;
				CLANG_WARN_DIRECT_OBJC_ISA_USAGE = YES_ERROR;
				CLANG_WARN_EMPTY_BODY = YES;
				CLANG_WARN_ENUM_CONVERSION = YES;
				CLANG_WARN_INT_CONVERSION = YES;
				CLANG_WARN_OBJC_ROOT_CLASS = YES_ERROR;
				CLANG_WARN_UNREACHABLE_CODE = YES;
				CLANG_WARN__DUPLICATE_METHOD_MATCH = YES;
				COPY_PHASE_STRIP = YES;
				DEBUG_INFORMATION_FORMAT = "dwarf-with-dsym";
				ENABLE_NS_ASSERTIONS = NO;
				ENABLE_STRICT_OBJC_MSGSEND = YES;
				GCC_C_LANGUAGE_STANDARD = gnu99;
				GCC_WARN_64_TO_32_BIT_CONVERSION = YES;
				GCC_WARN_ABOUT_RETURN_TYPE = YES_ERROR;
				GCC_WARN_UNDECLARED_SELECTOR = YES;
				GCC_WARN_UNINITIALIZED_AUTOS = YES_AGGRESSIVE;
				GCC_WARN_UNUSED_FUNCTION = YES;
				GCC_WARN_UNUSED_VARIABLE = YES;
				MACOSX_DEPLOYMENT_TARGET = 10.10;
				MTL_ENABLE_DEBUG_INFO = NO;
				SDKROOT = macosx;
			};
			name = Release;
		};
		B58CF1841A4AF9D700A33835 /* Debug */ = {
			isa = XCBuildConfiguration;
			buildSettings = {
				PRODUCT_NAME = "$(TARGET_NAME)";
			};
			name = Debug;
		};
		B58CF1851A4AF9D700A33835 /* Release */ = {
			isa = XCBuildConfiguration;
			buildSettings = {
				PRODUCT_NAME = "$(TARGET_NAME)";
			};
			name = Release;
		};
/* End XCBuildConfiguration section */

/* Begin XCConfigurationList section */
		B58CF1771A4AF9D700A33835 /* Build configuration list for PBXProject "AccelerateFrameworkTest" */ = {
			isa = XCConfigurationList;
			buildConfigurations = (
				B58CF1811A4AF9D700A33835 /* Debug */,
				B58CF1821A4AF9D700A33835 /* Release */,
			);
			defaultConfigurationIsVisible = 0;
			defaultConfigurationName = Release;
		};
		B58CF1831A4AF9D700A33835 /* Build configuration list for PBXNativeTarget "AccelerateFrameworkTest" */ = {
			isa = XCConfigurationList;
			buildConfigurations = (
				B58CF1841A4AF9D700A33835 /* Debug */,
				B58CF1851A4AF9D700A33835 /* Release */,
			);
			defaultConfigurationIsVisible = 0;
			defaultConfigurationName = Release;
		};
/* End XCConfigurationList section */
	};
	rootObject = B58CF1741A4AF9D700A33835 /* Project object */;
}
